
Microsoft Visual Studio Solution File, Format Version 12.00
# Visual Studio Version 17
VisualStudioVersion = 17.10.34928.147
MinimumVisualStudioVersion = 10.0.40219.1
Project("{FAE04EC0-301F-11D3-BF4B-00C04F79EFBC}") = "Battlefield", "Battlefield.csproj", "{C375DE45-D792-4838-B6EE-4A373AA14367}"
EndProject
Global
	GlobalSection(SolutionConfigurationPlatforms) = preSolution
		Debug|Any CPU = Debug|Any CPU
		Release|Any CPU = Release|Any CPU
	EndGlobalSection
	GlobalSection(ProjectConfigurationPlatforms) = postSolution
		{C375DE45-D792-4838-B6EE-4A373AA14367}.Debug|Any CPU.ActiveCfg = Debug|Any CPU
		{C375DE45-D792-4838-B6EE-4A373AA14367}.Debug|Any CPU.Build.0 = Debug|Any CPU
		{C375DE45-D792-4838-B6EE-4A373AA14367}.Release|Any CPU.ActiveCfg = Release|Any CPU
		{C375DE45-D792-4838-B6EE-4A373AA14367}.Release|Any CPU.Build.0 = Release|Any CPU
	EndGlobalSection
	GlobalSection(SolutionProperties) = preSolution
		HideSolutionNode = FALSE
	EndGlobalSection
	GlobalSection(ExtensibilityGlobals) = postSolution
		SolutionGuid = {0B4EEE95-BA4C-40F3-B71F-02F302E7DDD0}
	EndGlobalSection
EndGlobal
